{
    "_meta": {
        "hash": {
            "sha256": "88402c8f3ec4214753e16f15f0af71b3096e306682615343e93ead95c07d0724"
        },
        "pipfile-spec": 6,
        "requires": {
            "python_version": "3.7"
        },
        "sources": [
            {
                "name": "pypi",
                "url": "https://pypi.org/simple",
                "verify_ssl": true
            }
        ]
    },
    "default": {
        "amqp": {
            "hashes": [
                "sha256:19a917e260178b8d410122712bac69cb3e6db010d68f6101e7307508aded5e68",
                "sha256:19d851b879a471fcfdcf01df9936cff924f422baa77653289f7095dedd5fb26a"
            ],
            "index": "pypi",
            "version": "==2.5.1"
        },
        "babel": {
            "hashes": [
                "sha256:af92e6106cb7c55286b25b38ad7695f8b4efb36a90ba483d7f7a6628c46158ab",
                "sha256:e86135ae101e31e2c8ec20a4e0c5220f4eed12487d5cf3f78be7e98d3a57fc28"
            ],
            "index": "pypi",
            "version": "==2.7.0"
        },
        "backports.functools-lru-cache": {
            "hashes": [
                "sha256:9d98697f088eb1b0fa451391f91afb5e3ebde16bbdb272819fd091151fda4f1a",
                "sha256:f0b0e4eba956de51238e17573b7087e852dfe9854afd2e9c873f73fc0ca0a6dd"
            ],
            "index": "pypi",
            "version": "==1.5"
        },
        "billiard": {
            "hashes": [
                "sha256:01afcb4e7c4fd6480940cfbd4d9edc19d7a7509d6ada533984d0d0f49901ec82",
                "sha256:b8809c74f648dfe69b973c8e660bcec00603758c9db8ba89d7719f88d5f01f26"
            ],
            "index": "pypi",
            "version": "==3.6.1.0"
        },
        "celery": {
            "hashes": [
                "sha256:4c4532aa683f170f40bd76f928b70bc06ff171a959e06e71bf35f2f9d6031ef9",
                "sha256:528e56767ae7e43a16cfef24ee1062491f5754368d38fcfffa861cdb9ef219be"
            ],
            "index": "pypi",
            "version": "==4.3.0"
        },
        "certifi": {
            "hashes": [
                "sha256:046832c04d4e752f37383b628bc601a7ea7211496b4638f6514d0e5b9acc4939",
                "sha256:945e3ba63a0b9f577b1395204e13c3a231f9bc0223888be653286534e5873695"
            ],
            "index": "pypi",
            "version": "==2019.6.16"
        },
        "chardet": {
            "hashes": [
                "sha256:84ab92ed1c4d4f16916e05906b6b75a6c0fb5db821cc65e70cbd64a3e2a5eaae",
                "sha256:fc323ffcaeaed0e0a02bf4d117757b98aed530d9ed4531e3e15460124c106691"
            ],
            "index": "pypi",
            "version": "==3.0.4"
        },
        "cheroot": {
            "hashes": [
                "sha256:427e7e3ce51ad5a6e5cf953252b5782d5dfbeb544c09910634971bc06df6621b",
                "sha256:74d733c55178812253d855990f7ad7b31ab4ee8dab80e4803bd5e52299c50395"
            ],
            "index": "pypi",
            "version": "==6.5.8"
        },
        "django": {
            "hashes": [
                "sha256:148a4a2d1a85b23883b0a4e99ab7718f518a83675e4485e44dc0c1d36988c5fa",
                "sha256:deb70aa038e59b58593673b15e9a711d1e5ccd941b5973b30750d5d026abfd56"
            ],
            "index": "pypi",
            "version": "==2.2.5"
        },
        "djangorestframework": {
            "hashes": [
                "sha256:5488aed8f8df5ec1d70f04b2114abc52ae6729748a176c453313834a9ee179c8",
                "sha256:dc81cbf9775c6898a580f6f1f387c4777d12bd87abf0f5406018d32ccae71090"
            ],
            "index": "pypi",
            "version": "==3.10.3"
        },
        "dnspython": {
            "hashes": [
                "sha256:36c5e8e38d4369a08b6780b7f27d790a292b2b08eea01607865bf0936c558e01",
                "sha256:f69c21288a962f4da86e56c4905b49d11aba7938d3d740e80d9e366ee4f1632d"
            ],
            "index": "pypi",
            "version": "==1.16.0"
        },
        "et-xmlfile": {
            "hashes": [
                "sha256:614d9722d572f6246302c4491846d2c393c199cfa4edc9af593437691683335b"
            ],
            "version": "==1.0.1"
        },
        "eventlet": {
            "hashes": [
                "sha256:658b1cd80937adc1a4860de2841e0528f64e2ca672885c4e00fc0e2217bde6b1",
                "sha256:6c9c625af48424c4680d89314dbe45a76cc990cf002489f9469ff214b044ffc1"
            ],
            "index": "pypi",
            "version": "==0.25.1"
        },
        "flower": {
            "hashes": [
                "sha256:7f45acb297ab7cf3dd40140816143a2588f6938dbd70b8c46b59c7d8d1e93d55"
            ],
            "index": "pypi",
            "version": "==0.9.3"
        },
        "greenlet": {
            "hashes": [
                "sha256:000546ad01e6389e98626c1367be58efa613fa82a1be98b0c6fc24b563acc6d0",
                "sha256:0d48200bc50cbf498716712129eef819b1729339e34c3ae71656964dac907c28",
                "sha256:23d12eacffa9d0f290c0fe0c4e81ba6d5f3a5b7ac3c30a5eaf0126bf4deda5c8",
                "sha256:37c9ba82bd82eb6a23c2e5acc03055c0e45697253b2393c9a50cef76a3985304",
                "sha256:51503524dd6f152ab4ad1fbd168fc6c30b5795e8c70be4410a64940b3abb55c0",
                "sha256:8041e2de00e745c0e05a502d6e6db310db7faa7c979b3a5877123548a4c0b214",
                "sha256:81fcd96a275209ef117e9ec91f75c731fa18dcfd9ffaa1c0adbdaa3616a86043",
                "sha256:853da4f9563d982e4121fed8c92eea1a4594a2299037b3034c3c898cb8e933d6",
                "sha256:8b4572c334593d449113f9dc8d19b93b7b271bdbe90ba7509eb178923327b625",
                "sha256:9416443e219356e3c31f1f918a91badf2e37acf297e2fa13d24d1cc2380f8fbc",
                "sha256:9854f612e1b59ec66804931df5add3b2d5ef0067748ea29dc60f0efdcda9a638",
                "sha256:99a26afdb82ea83a265137a398f570402aa1f2b5dfb4ac3300c026931817b163",
                "sha256:a19bf883b3384957e4a4a13e6bd1ae3d85ae87f4beb5957e35b0be287f12f4e4",
                "sha256:a9f145660588187ff835c55a7d2ddf6abfc570c2651c276d3d4be8a2766db490",
                "sha256:ac57fcdcfb0b73bb3203b58a14501abb7e5ff9ea5e2edfa06bb03035f0cff248",
                "sha256:bcb530089ff24f6458a81ac3fa699e8c00194208a724b644ecc68422e1111939",
                "sha256:beeabe25c3b704f7d56b573f7d2ff88fc99f0138e43480cecdfcaa3b87fe4f87",
                "sha256:d634a7ea1fc3380ff96f9e44d8d22f38418c1c381d5fac680b272d7d90883720",
                "sha256:d97b0661e1aead761f0ded3b769044bb00ed5d33e1ec865e891a8b128bf7c656"
            ],
            "index": "pypi",
            "version": "==0.4.15"
        },
        "idna": {
            "hashes": [
                "sha256:c357b3f628cf53ae2c4c05627ecc484553142ca23264e593d327bcde5e9c3407",
                "sha256:ea8b7f6188e6fa117537c3df7da9fc686d485087abf6ac197f9c46432f7e4a3c"
            ],
            "index": "pypi",
            "version": "==2.8"
        },
        "importlib-metadata": {
            "hashes": [
                "sha256:aa18d7378b00b40847790e7c27e11673d7fed219354109d0e7b9e5b25dc3ad26",
                "sha256:d5f18a79777f3aa179c145737780282e27b508fc8fd688cb17c7a813e8bd39af"
            ],
            "version": "==0.23"
        },
        "jaraco.functools": {
            "hashes": [
                "sha256:35ba944f52b1a7beee8843a5aa6752d1d5b79893eeb7770ea98be6b637bf9345",
                "sha256:e9e377644cee5f6f9128b4dab1631fca74981236e95a255f80e4292bcd2b5284"
            ],
            "index": "pypi",
            "version": "==2.0"
        },
        "jdcal": {
            "hashes": [
                "sha256:1abf1305fce18b4e8aa248cf8fe0c56ce2032392bc64bbd61b5dff2a19ec8bba",
                "sha256:472872e096eb8df219c23f2689fc336668bdb43d194094b5cc1707e1640acfc8"
            ],
            "version": "==1.4.1"
        },
        "kombu": {
            "hashes": [
                "sha256:55274dc75eb3c3994538b0973a0fadddb236b698a4bc135b8aa4981e0a710b8f",
                "sha256:e5f0312dfb9011bebbf528ccaf118a6c2b5c3b8244451f08381fb23e7715809b"
            ],
            "index": "pypi",
            "version": "==4.6.4"
        },
        "monotonic": {
            "hashes": [
                "sha256:23953d55076df038541e648a53676fb24980f7a1be290cdda21300b3bc21dfb0",
                "sha256:552a91f381532e33cbd07c6a2655a21908088962bb8fa7239ecbcc6ad1140cc7"
            ],
            "index": "pypi",
            "version": "==1.5"
        },
        "more-itertools": {
            "hashes": [
                "sha256:409cd48d4db7052af495b09dec721011634af3753ae1ef92d2b32f73a745f832",
                "sha256:92b8c4b06dac4f0611c0729b2f2ede52b2e1bac1ab48f089c7ddc12e26bb60c4"
            ],
            "index": "pypi",
            "version": "==7.2.0"
        },
        "openpyxl": {
            "hashes": [
                "sha256:340a1ab2069764559b9d58027a43a24db18db0e25deb80f81ecb8ca7ee5253db"
            ],
            "index": "pypi",
            "version": "==3.0.0"
        },
        "pillow": {
            "hashes": [
                "sha256:00fdeb23820f30e43bba78eb9abb00b7a937a655de7760b2e09101d63708b64e",
                "sha256:01f948e8220c85eae1aa1a7f8edddcec193918f933fb07aaebe0bfbbcffefbf1",
                "sha256:08abf39948d4b5017a137be58f1a52b7101700431f0777bec3d897c3949f74e6",
                "sha256:099a61618b145ecb50c6f279666bbc398e189b8bc97544ae32b8fcb49ad6b830",
                "sha256:2c1c61546e73de62747e65807d2cc4980c395d4c5600ecb1f47a650c6fa78c79",
                "sha256:2ed9c4f694861642401f27dc3cb99772be67cd190e84845c749dae0a06c3bfae",
                "sha256:338581b30b908e111be578f0297255f6b57a51358cd16fa0e6f664c9a1f88bff",
                "sha256:38c7d48a21cd06fdeee93987147b9b1c55b73b4cfcbf83240568bfbd5adee447",
                "sha256:43fd026f613c8e48a25eba1a92f4d2ad7f3903c95d8c33a11611a7717d2ab654",
                "sha256:4548236844327a718ce3bb182ab32a16fa2050c61e334e959f554cac052fb0df",
                "sha256:5090857876c58885cfa388dc649e5db30aae98a068c26f3fd0ac9d7d9a4d9572",
                "sha256:5bbba34f97a26a93f5e8dec469ca4ddd712451418add43da946dbaed7f7a98d2",
                "sha256:65a28969a025a0eb4594637b6103201dc4ed2a9508bdab56ac33e43e3081c404",
                "sha256:892bb52b70bd5ea9dbbc3ac44f38e84f5a04e9d8b1bff48159d96cb795b81159",
                "sha256:8a9becd5cbd5062f973bcd2e7bc79483af310222de112b6541f8af1f93a3cc42",
                "sha256:972a7aaeb7c4a2795b52eef52ee991ef040b31009f36deca6207a986607b55f3",
                "sha256:97b119c436bfa96a92ac2ca525f7025836d4d4e64b1c9f9eff8dbaf3ff1d86f3",
                "sha256:9ba37698e242223f8053cc158f130aee046a96feacbeab65893dbe94f5530118",
                "sha256:b1b0e1f626a0f079c0d3696db70132fb1f29aa87c66aecb6501a9b8be64ce9f7",
                "sha256:c14c1224fd1a5be2733530d648a316974dbbb3c946913562c6005a76f21ca042",
                "sha256:c79a8546c48ae6465189e54e3245a97ddf21161e33ff7eaa42787353417bb2b6",
                "sha256:ceb76935ac4ebdf6d7bc845482a4450b284c6ccfb281e34da51d510658ab34d8",
                "sha256:e22bffaad04b4d16e1c091baed7f2733fc1ebb91e0c602abf1b6834d17158b1f",
                "sha256:ec883b8e44d877bda6f94a36313a1c6063f8b1997aa091628ae2f34c7f97c8d5",
                "sha256:f1baa54d50ec031d1a9beb89974108f8f2c0706f49798f4777df879df0e1adb6",
                "sha256:f53a5385932cda1e2c862d89460992911a89768c65d176ff8c50cddca4d29bed"
            ],
            "index": "pypi",
            "version": "==6.2.0"
        },
        "pipdeptree": {
            "hashes": [
                "sha256:78942d3e6a88af1cea41e04d1c29ff5fbf4dda438aa8d8938ed88db22871cca3",
                "sha256:98178657b9c952be6d49e639bcf39bc8d0e1b93781b4c518a99e6599852d46e5",
                "sha256:f54a2388cfe3cbaa08f4702ee8957f0f3f0d6ff65899833ea57f12f2fc4ae0c1"
            ],
            "index": "pypi",
            "version": "==0.13.2"
        },
        "portend": {
            "hashes": [
                "sha256:19dc27bfb3c72471bd30a235a4d5fbefef8a7e31cab367744b5d87a205e7bfd9",
                "sha256:d2dca12e585ce29fc357b31ce424a27c16e2d485029252bbf8ddcc9696207976"
            ],
            "index": "pypi",
            "version": "==2.5"
        },
        "python-dateutil": {
            "hashes": [
                "sha256:7e6584c74aeed623791615e26efd690f29817a27c73085b78e4bad02493df2fb",
                "sha256:c89805f6f4d64db21ed966fda138f8a5ed7a4fdbc1a8ee329ce1b74e3c74da9e"
            ],
            "index": "pypi",
            "version": "==2.8.0"
        },
        "pytz": {
            "hashes": [
                "sha256:26c0b32e437e54a18161324a2fca3c4b9846b74a8dccddd843113109e1116b32",
                "sha256:c894d57500a4cd2d5c71114aaab77dbab5eabd9022308ce5ac9bb93a60a6f0c7"
            ],
            "index": "pypi",
            "version": "==2019.2"
        },
        "requests": {
            "hashes": [
                "sha256:11e007a8a2aa0323f5a921e9e6a2d7e4e67d9877e85773fba9ba6419025cbeb4",
                "sha256:9cf5292fcd0f598c671cfc1e0d7d1a7f13bb8085e9a590f48c010551dc6c4b31"
            ],
            "index": "pypi",
            "version": "==2.22.0"
        },
        "six": {
            "hashes": [
                "sha256:3350809f0555b11f552448330d0b52d5f24c91a322ea4a15ef22629740f3761c",
                "sha256:d16a0141ec1a18405cd4ce8b4613101da75da0e9a7aec5bdd4fa804d0e0eba73"
            ],
            "index": "pypi",
            "version": "==1.12.0"
        },
        "sqlparse": {
            "hashes": [
                "sha256:40afe6b8d4b1117e7dff5504d7a8ce07d9a1b15aeeade8a2d10f130a834f8177",
                "sha256:7c3dca29c022744e95b547e867cee89f4fce4373f3549ccd8797d8eb52cdb873"
            ],
            "index": "pypi",
            "version": "==0.3.0"
        },
        "tempora": {
            "hashes": [
                "sha256:cb60b1d2b1664104e307f8e5269d7f4acdb077c82e35cd57246ae14a3427d2d6",
                "sha256:d28a03d2f64ee81aec6e6bff374127ef306fe00c1b7e27c7ff1618344221a699"
            ],
            "index": "pypi",
            "version": "==1.14.1"
        },
        "tornado": {
            "hashes": [
                "sha256:0662d28b1ca9f67108c7e3b77afabfb9c7e87bde174fbda78186ecedc2499a9d",
                "sha256:4e5158d97583502a7e2739951553cbd88a72076f152b4b11b64b9a10c4c49409",
                "sha256:732e836008c708de2e89a31cb2fa6c0e5a70cb60492bee6f1ea1047500feaf7f",
                "sha256:8154ec22c450df4e06b35f131adc4f2f3a12ec85981a203301d310abf580500f",
                "sha256:8e9d728c4579682e837c92fdd98036bd5cdefa1da2aaf6acf26947e6dd0c01c5",
                "sha256:d4b3e5329f572f055b587efc57d29bd051589fb5a43ec8898c77a47ec2fa2bbb",
                "sha256:e5f2585afccbff22390cddac29849df463b252b711aa2ce7c5f3f342a5b3b444"
            ],
            "index": "pypi",
            "version": "==5.1.1"
        },
        "urllib3": {
            "hashes": [
                "sha256:b246607a25ac80bedac05c6f282e3cdaf3afb65420fd024ac94435cabe6e18d1",
                "sha256:dbe59173209418ae49d485b87d1681aefa36252ee85884c31346debd19463232"
            ],
            "index": "pypi",
            "version": "==1.25.3"
        },
        "vine": {
            "hashes": [
                "sha256:133ee6d7a9016f177ddeaf191c1f58421a1dcc6ee9a42c58b34bed40e1d2cd87",
                "sha256:ea4947cc56d1fd6f2095c8d543ee25dad966f78692528e68b4fada11ba3f98af"
            ],
            "index": "pypi",
            "version": "==1.3.0"
        },
        "zc.lockfile": {
            "hashes": [
                "sha256:307ad78227e48be260e64896ec8886edc7eae22d8ec53e4d528ab5537a83203b",
                "sha256:cc33599b549f0c8a248cb72f3bf32d77712de1ff7ee8814312eb6456b42c015f"
            ],
            "index": "pypi",
            "version": "==2.0"
        },
        "zipp": {
            "hashes": [
                "sha256:3718b1cbcd963c7d4c5511a8240812904164b7f381b647143a89d3b98f9bcd8e",
                "sha256:f06903e9f1f43b12d371004b4ac7b06ab39a44adc747266928ae6debfa7b3335"
            ],
            "version": "==0.6.0"
        }
    },
    "develop": {
        "psutil": {
            "hashes": [
                "sha256:028a1ec3c6197eadd11e7b46e8cc2f0720dc18ac6d7aabdb8e8c0d6c9704f000",
                "sha256:503e4b20fa9d3342bcf58191bbc20a4a5ef79ca7df8972e6197cc14c5513e73d",
                "sha256:863a85c1c0a5103a12c05a35e59d336e1d665747e531256e061213e2e90f63f3",
                "sha256:954f782608bfef9ae9f78e660e065bd8ffcfaea780f9f2c8a133bb7cb9e826d7",
                "sha256:b6e08f965a305cd84c2d07409bc16fbef4417d67b70c53b299116c5b895e3f45",
                "sha256:bc96d437dfbb8865fc8828cf363450001cb04056bbdcdd6fc152c436c8a74c61",
                "sha256:cf49178021075d47c61c03c0229ac0c60d5e2830f8cab19e2d88e579b18cdb76",
                "sha256:d5350cb66690915d60f8b233180f1e49938756fb2d501c93c44f8fb5b970cc63",
                "sha256:eba238cf1989dfff7d483c029acb0ac4fcbfc15de295d682901f0e2497e6781a"
            ],
            "index": "pypi",
            "version": "==5.6.3"
        },
        "psycopg2": {
            "hashes": [
                "sha256:128d0fa910ada0157bba1cb74a9c5f92bb8a1dca77cf91a31eb274d1f889e001",
                "sha256:227fd46cf9b7255f07687e5bde454d7d67ae39ca77e170097cdef8ebfc30c323",
                "sha256:2315e7f104681d498ccf6fd70b0dba5bce65d60ac92171492bfe228e21dcc242",
                "sha256:4b5417dcd2999db0f5a891d54717cfaee33acc64f4772c4bc574d4ff95ed9d80",
                "sha256:640113ddc943522aaf71294e3f2d24013b0edd659b7820621492c9ebd3a2fb0b",
                "sha256:897a6e838319b4bf648a574afb6cabcb17d0488f8c7195100d48d872419f4457",
                "sha256:8dceca81409898c870e011c71179454962dec152a1a6b86a347f4be74b16d864",
                "sha256:b1b8e41da09a0c3ef0b3d4bb72da0dde2abebe583c1e8462973233fd5ad0235f",
                "sha256:cb407fccc12fc29dc331f2b934913405fa49b9b75af4f3a72d0f50f57ad2ca23",
                "sha256:d3a27550a8185e53b244ad7e79e307594b92fede8617d80200a8cce1fba2c60f",
                "sha256:f0e6b697a975d9d3ccd04135316c947dd82d841067c7800ccf622a8717e98df1"
            ],
            "index": "pypi",
            "version": "==2.8.3"
        },
        "pywin32": {
            "hashes": [
                "sha256:22e218832a54ed206452c8f3ca9eff07ef327f8e597569a4c2828be5eaa09a77",
                "sha256:32b37abafbfeddb0fe718008d6aada5a71efa2874f068bee1f9e703983dcc49a",
                "sha256:35451edb44162d2f603b5b18bd427bc88fcbc74849eaa7a7e7cfe0f507e5c0c8",
                "sha256:4eda2e1e50faa706ff8226195b84fbcbd542b08c842a9b15e303589f85bfb41c",
                "sha256:5f265d72588806e134c8e1ede8561739071626ea4cc25c12d526aa7b82416ae5",
                "sha256:6852ceac5fdd7a146b570655c37d9eacd520ed1eaeec051ff41c6fc94243d8bf",
                "sha256:6dbc4219fe45ece6a0cc6baafe0105604fdee551b5e876dc475d3955b77190ec",
                "sha256:9bd07746ce7f2198021a9fa187fa80df7b221ec5e4c234ab6f00ea355a3baf99"
            ],
            "index": "pypi",
            "version": "==224"
        }
    }
}
